
Microsoft Visual Studio Solution File, Format Version 12.00
# Visual Studio 15
VisualStudioVersion = 15.0.27703.2042
MinimumVisualStudioVersion = 10.0.40219.1
Project("{FAE04EC0-301F-11D3-BF4B-00C04F79EFBC}") = "oAuthTwo", "oAuthTwo\oAuthTwo.csproj", "{3DB0404D-8D35-4438-8171-7C87640F41E5}"
EndProject
Global
	GlobalSection(SolutionConfigurationPlatforms) = preSolution
		Debug|Any CPU = Debug|Any CPU
		Release|Any CPU = Release|Any CPU
	EndGlobalSection
	GlobalSection(ProjectConfigurationPlatforms) = postSolution
		{3DB0404D-8D35-4438-8171-7C87640F41E5}.Debug|Any CPU.ActiveCfg = Debug|Any CPU
		{3DB0404D-8D35-4438-8171-7C87640F41E5}.Debug|Any CPU.Build.0 = Debug|Any CPU
		{3DB0404D-8D35-4438-8171-7C87640F41E5}.Release|Any CPU.ActiveCfg = Release|Any CPU
		{3DB0404D-8D35-4438-8171-7C87640F41E5}.Release|Any CPU.Build.0 = Release|Any CPU
	EndGlobalSection
	GlobalSection(SolutionProperties) = preSolution
		HideSolutionNode = FALSE
	EndGlobalSection
	GlobalSection(ExtensibilityGlobals) = postSolution
		SolutionGuid = {F1655F74-5067-4551-A329-8E0885FB5F5E}
	EndGlobalSection
EndGlobal
